
Microsoft Visual Studio Solution File, Format Version 12.00
# Visual Studio 15
VisualStudioVersion = 15.0.28307.1022
MinimumVisualStudioVersion = 10.0.40219.1
Project("{FAE04EC0-301F-11D3-BF4B-00C04F79EFBC}") = "WagnerBillInfoService", "WagnerBillInfoService\WagnerBillInfoService.csproj", "{50B0174A-5706-43CB-A132-900D60CFCD98}"
EndProject
Project("{FAE04EC0-301F-11D3-BF4B-00C04F79EFBC}") = "CatalogDB", "CatalogDB\CatalogDB.csproj", "{7A492C69-5995-41BB-90D1-96EBB650F7F1}"
	ProjectSection(ProjectDependencies) = postProject
		{6FB9CAD4-7481-4C2C-95CD-299F24E1979D} = {6FB9CAD4-7481-4C2C-95CD-299F24E1979D}
	EndProjectSection
EndProject
Project("{FAE04EC0-301F-11D3-BF4B-00C04F79EFBC}") = "CommonServices", "CommonServices\CommonServices.csproj", "{9E003E83-B25A-4B17-A5D0-53A030B4FAB5}"
	ProjectSection(ProjectDependencies) = postProject
		{7A492C69-5995-41BB-90D1-96EBB650F7F1} = {7A492C69-5995-41BB-90D1-96EBB650F7F1}
		{6FB9CAD4-7481-4C2C-95CD-299F24E1979D} = {6FB9CAD4-7481-4C2C-95CD-299F24E1979D}
	EndProjectSection
EndProject
Project("{FAE04EC0-301F-11D3-BF4B-00C04F79EFBC}") = "EasyAsk", "EasyAsk\EasyAsk.csproj", "{37B7153C-64EB-44EF-808F-0FB49E2D3388}"
	ProjectSection(ProjectDependencies) = postProject
		{7A492C69-5995-41BB-90D1-96EBB650F7F1} = {7A492C69-5995-41BB-90D1-96EBB650F7F1}
		{9E003E83-B25A-4B17-A5D0-53A030B4FAB5} = {9E003E83-B25A-4B17-A5D0-53A030B4FAB5}
		{6FB9CAD4-7481-4C2C-95CD-299F24E1979D} = {6FB9CAD4-7481-4C2C-95CD-299F24E1979D}
	EndProjectSection
EndProject
Project("{FAE04EC0-301F-11D3-BF4B-00C04F79EFBC}") = "TemplateRender", "TemplateRender\TemplateRender.csproj", "{2C389F7D-04CF-4E36-A573-729CA24FA862}"
	ProjectSection(ProjectDependencies) = postProject
		{37B7153C-64EB-44EF-808F-0FB49E2D3388} = {37B7153C-64EB-44EF-808F-0FB49E2D3388}
		{7A492C69-5995-41BB-90D1-96EBB650F7F1} = {7A492C69-5995-41BB-90D1-96EBB650F7F1}
		{9E003E83-B25A-4B17-A5D0-53A030B4FAB5} = {9E003E83-B25A-4B17-A5D0-53A030B4FAB5}
		{6FB9CAD4-7481-4C2C-95CD-299F24E1979D} = {6FB9CAD4-7481-4C2C-95CD-299F24E1979D}
	EndProjectSection
EndProject
Project("{FAE04EC0-301F-11D3-BF4B-00C04F79EFBC}") = "Helpers", "Helper\Helpers.csproj", "{6FB9CAD4-7481-4C2C-95CD-299F24E1979D}"
EndProject
Global
	GlobalSection(SolutionConfigurationPlatforms) = preSolution
		Debug|Any CPU = Debug|Any CPU
		Debug|x86 = Debug|x86
		Release|Any CPU = Release|Any CPU
		Release|x86 = Release|x86
	EndGlobalSection
	GlobalSection(ProjectConfigurationPlatforms) = postSolution
		{50B0174A-5706-43CB-A132-900D60CFCD98}.Debug|Any CPU.ActiveCfg = Debug|Any CPU
		{50B0174A-5706-43CB-A132-900D60CFCD98}.Debug|Any CPU.Build.0 = Debug|Any CPU
		{50B0174A-5706-43CB-A132-900D60CFCD98}.Debug|x86.ActiveCfg = Debug|Any CPU
		{50B0174A-5706-43CB-A132-900D60CFCD98}.Debug|x86.Build.0 = Debug|Any CPU
		{50B0174A-5706-43CB-A132-900D60CFCD98}.Release|Any CPU.ActiveCfg = Release|Any CPU
		{50B0174A-5706-43CB-A132-900D60CFCD98}.Release|Any CPU.Build.0 = Release|Any CPU
		{50B0174A-5706-43CB-A132-900D60CFCD98}.Release|x86.ActiveCfg = Release|Any CPU
		{50B0174A-5706-43CB-A132-900D60CFCD98}.Release|x86.Build.0 = Release|Any CPU
		{7A492C69-5995-41BB-90D1-96EBB650F7F1}.Debug|Any CPU.ActiveCfg = Debug|Any CPU
		{7A492C69-5995-41BB-90D1-96EBB650F7F1}.Debug|Any CPU.Build.0 = Debug|Any CPU
		{7A492C69-5995-41BB-90D1-96EBB650F7F1}.Debug|x86.ActiveCfg = Debug|x86
		{7A492C69-5995-41BB-90D1-96EBB650F7F1}.Debug|x86.Build.0 = Debug|x86
		{7A492C69-5995-41BB-90D1-96EBB650F7F1}.Release|Any CPU.ActiveCfg = Release|Any CPU
		{7A492C69-5995-41BB-90D1-96EBB650F7F1}.Release|Any CPU.Build.0 = Release|Any CPU
		{7A492C69-5995-41BB-90D1-96EBB650F7F1}.Release|x86.ActiveCfg = Release|x86
		{7A492C69-5995-41BB-90D1-96EBB650F7F1}.Release|x86.Build.0 = Release|x86
		{9E003E83-B25A-4B17-A5D0-53A030B4FAB5}.Debug|Any CPU.ActiveCfg = Debug|Any CPU
		{9E003E83-B25A-4B17-A5D0-53A030B4FAB5}.Debug|Any CPU.Build.0 = Debug|Any CPU
		{9E003E83-B25A-4B17-A5D0-53A030B4FAB5}.Debug|x86.ActiveCfg = Debug|Any CPU
		{9E003E83-B25A-4B17-A5D0-53A030B4FAB5}.Debug|x86.Build.0 = Debug|Any CPU
		{9E003E83-B25A-4B17-A5D0-53A030B4FAB5}.Release|Any CPU.ActiveCfg = Release|Any CPU
		{9E003E83-B25A-4B17-A5D0-53A030B4FAB5}.Release|Any CPU.Build.0 = Release|Any CPU
		{9E003E83-B25A-4B17-A5D0-53A030B4FAB5}.Release|x86.ActiveCfg = Release|Any CPU
		{9E003E83-B25A-4B17-A5D0-53A030B4FAB5}.Release|x86.Build.0 = Release|Any CPU
		{37B7153C-64EB-44EF-808F-0FB49E2D3388}.Debug|Any CPU.ActiveCfg = Debug|Any CPU
		{37B7153C-64EB-44EF-808F-0FB49E2D3388}.Debug|Any CPU.Build.0 = Debug|Any CPU
		{37B7153C-64EB-44EF-808F-0FB49E2D3388}.Debug|x86.ActiveCfg = Debug|x86
		{37B7153C-64EB-44EF-808F-0FB49E2D3388}.Debug|x86.Build.0 = Debug|x86
		{37B7153C-64EB-44EF-808F-0FB49E2D3388}.Release|Any CPU.ActiveCfg = Release|Any CPU
		{37B7153C-64EB-44EF-808F-0FB49E2D3388}.Release|Any CPU.Build.0 = Release|Any CPU
		{37B7153C-64EB-44EF-808F-0FB49E2D3388}.Release|x86.ActiveCfg = Release|x86
		{37B7153C-64EB-44EF-808F-0FB49E2D3388}.Release|x86.Build.0 = Release|x86
		{2C389F7D-04CF-4E36-A573-729CA24FA862}.Debug|Any CPU.ActiveCfg = Debug|Any CPU
		{2C389F7D-04CF-4E36-A573-729CA24FA862}.Debug|Any CPU.Build.0 = Debug|Any CPU
		{2C389F7D-04CF-4E36-A573-729CA24FA862}.Debug|x86.ActiveCfg = Debug|Any CPU
		{2C389F7D-04CF-4E36-A573-729CA24FA862}.Debug|x86.Build.0 = Debug|Any CPU
		{2C389F7D-04CF-4E36-A573-729CA24FA862}.Release|Any CPU.ActiveCfg = Release|Any CPU
		{2C389F7D-04CF-4E36-A573-729CA24FA862}.Release|Any CPU.Build.0 = Release|Any CPU
		{2C389F7D-04CF-4E36-A573-729CA24FA862}.Release|x86.ActiveCfg = Release|Any CPU
		{2C389F7D-04CF-4E36-A573-729CA24FA862}.Release|x86.Build.0 = Release|Any CPU
		{6FB9CAD4-7481-4C2C-95CD-299F24E1979D}.Debug|Any CPU.ActiveCfg = Debug|Any CPU
		{6FB9CAD4-7481-4C2C-95CD-299F24E1979D}.Debug|Any CPU.Build.0 = Debug|Any CPU
		{6FB9CAD4-7481-4C2C-95CD-299F24E1979D}.Debug|x86.ActiveCfg = Debug|x86
		{6FB9CAD4-7481-4C2C-95CD-299F24E1979D}.Debug|x86.Build.0 = Debug|x86
		{6FB9CAD4-7481-4C2C-95CD-299F24E1979D}.Release|Any CPU.ActiveCfg = Release|Any CPU
		{6FB9CAD4-7481-4C2C-95CD-299F24E1979D}.Release|Any CPU.Build.0 = Release|Any CPU
		{6FB9CAD4-7481-4C2C-95CD-299F24E1979D}.Release|x86.ActiveCfg = Release|x86
		{6FB9CAD4-7481-4C2C-95CD-299F24E1979D}.Release|x86.Build.0 = Release|x86
	EndGlobalSection
	GlobalSection(SolutionProperties) = preSolution
		HideSolutionNode = FALSE
	EndGlobalSection
	GlobalSection(ExtensibilityGlobals) = postSolution
		SolutionGuid = {C39235A1-9938-47ED-AFC8-A3178922332A}
	EndGlobalSection
EndGlobal
